
Microsoft Visual Studio Solution File, Format Version 12.00
# Visual Studio Version 17
VisualStudioVersion = 17.2.32616.157
MinimumVisualStudioVersion = 10.0.40219.1
Project("{9A19103F-16F7-4668-BE54-9A1E7A4F7556}") = "Array", "ConsoleApp1\Array.csproj", "{7721BAB7-8628-4204-972D-F059549A9CDB}"
EndProject
Project("{9A19103F-16F7-4668-BE54-9A1E7A4F7556}") = "Classİntro", "Classİntro\Classİntro.csproj", "{5E040BDA-B4A9-43DF-8C0F-D61535D3CEF4}"
EndProject
Project("{9A19103F-16F7-4668-BE54-9A1E7A4F7556}") = "Metotlar", "Metotlar\Metotlar.csproj", "{5B2E834C-270E-439D-BD93-D24B35F591A7}"
EndProject
Project("{9A19103F-16F7-4668-BE54-9A1E7A4F7556}") = "Matematik", "Matematik\Matematik.csproj", "{8147B738-375D-49DE-9EF4-50884BF899EF}"
EndProject
Project("{9A19103F-16F7-4668-BE54-9A1E7A4F7556}") = "DegerVeReferansTipler", "DegerVeReferansTipler\DegerVeReferansTipler.csproj", "{6042AAE9-016F-46AD-BF62-D0B84132DDD8}"
EndProject
Project("{FAE04EC0-301F-11D3-BF4B-00C04F79EFBC}") = "OOP1", "OOP1\OOP1.csproj", "{E196737F-0B93-4411-ACD7-4FCF396D31D3}"
EndProject
Project("{FAE04EC0-301F-11D3-BF4B-00C04F79EFBC}") = "Koleksiyonlar", "Koleksiyonlar\Koleksiyonlar.csproj", "{276F9EE5-F572-4EE0-9966-707ABC299758}"
EndProject
Project("{FAE04EC0-301F-11D3-BF4B-00C04F79EFBC}") = "GenericsIntro", "GenericsIntro\GenericsIntro.csproj", "{F2029841-3573-4E8B-BD42-A2B653E50D2A}"
EndProject
Project("{FAE04EC0-301F-11D3-BF4B-00C04F79EFBC}") = "ClassMetotDemo", "ClassMetotDemo\ClassMetotDemo.csproj", "{35EAB807-7655-47D7-AD1C-AB7EB7260C88}"
EndProject
Project("{FAE04EC0-301F-11D3-BF4B-00C04F79EFBC}") = "MyDictionary", "MyDictionary\MyDictionary.csproj", "{3FCAB6E8-C264-4735-AD4C-A188FA460A1B}"
EndProject
Global
	GlobalSection(SolutionConfigurationPlatforms) = preSolution
		Debug|Any CPU = Debug|Any CPU
		Release|Any CPU = Release|Any CPU
	EndGlobalSection
	GlobalSection(ProjectConfigurationPlatforms) = postSolution
		{7721BAB7-8628-4204-972D-F059549A9CDB}.Debug|Any CPU.ActiveCfg = Debug|Any CPU
		{7721BAB7-8628-4204-972D-F059549A9CDB}.Debug|Any CPU.Build.0 = Debug|Any CPU
		{7721BAB7-8628-4204-972D-F059549A9CDB}.Release|Any CPU.ActiveCfg = Release|Any CPU
		{7721BAB7-8628-4204-972D-F059549A9CDB}.Release|Any CPU.Build.0 = Release|Any CPU
		{5E040BDA-B4A9-43DF-8C0F-D61535D3CEF4}.Debug|Any CPU.ActiveCfg = Debug|Any CPU
		{5E040BDA-B4A9-43DF-8C0F-D61535D3CEF4}.Debug|Any CPU.Build.0 = Debug|Any CPU
		{5E040BDA-B4A9-43DF-8C0F-D61535D3CEF4}.Release|Any CPU.ActiveCfg = Release|Any CPU
		{5E040BDA-B4A9-43DF-8C0F-D61535D3CEF4}.Release|Any CPU.Build.0 = Release|Any CPU
		{5B2E834C-270E-439D-BD93-D24B35F591A7}.Debug|Any CPU.ActiveCfg = Debug|Any CPU
		{5B2E834C-270E-439D-BD93-D24B35F591A7}.Debug|Any CPU.Build.0 = Debug|Any CPU
		{5B2E834C-270E-439D-BD93-D24B35F591A7}.Release|Any CPU.ActiveCfg = Release|Any CPU
		{5B2E834C-270E-439D-BD93-D24B35F591A7}.Release|Any CPU.Build.0 = Release|Any CPU
		{8147B738-375D-49DE-9EF4-50884BF899EF}.Debug|Any CPU.ActiveCfg = Debug|Any CPU
		{8147B738-375D-49DE-9EF4-50884BF899EF}.Debug|Any CPU.Build.0 = Debug|Any CPU
		{8147B738-375D-49DE-9EF4-50884BF899EF}.Release|Any CPU.ActiveCfg = Release|Any CPU
		{8147B738-375D-49DE-9EF4-50884BF899EF}.Release|Any CPU.Build.0 = Release|Any CPU
		{6042AAE9-016F-46AD-BF62-D0B84132DDD8}.Debug|Any CPU.ActiveCfg = Debug|Any CPU
		{6042AAE9-016F-46AD-BF62-D0B84132DDD8}.Debug|Any CPU.Build.0 = Debug|Any CPU
		{6042AAE9-016F-46AD-BF62-D0B84132DDD8}.Release|Any CPU.ActiveCfg = Release|Any CPU
		{6042AAE9-016F-46AD-BF62-D0B84132DDD8}.Release|Any CPU.Build.0 = Release|Any CPU
		{E196737F-0B93-4411-ACD7-4FCF396D31D3}.Debug|Any CPU.ActiveCfg = Debug|Any CPU
		{E196737F-0B93-4411-ACD7-4FCF396D31D3}.Debug|Any CPU.Build.0 = Debug|Any CPU
		{E196737F-0B93-4411-ACD7-4FCF396D31D3}.Release|Any CPU.ActiveCfg = Release|Any CPU
		{E196737F-0B93-4411-ACD7-4FCF396D31D3}.Release|Any CPU.Build.0 = Release|Any CPU
		{276F9EE5-F572-4EE0-9966-707ABC299758}.Debug|Any CPU.ActiveCfg = Debug|Any CPU
		{276F9EE5-F572-4EE0-9966-707ABC299758}.Debug|Any CPU.Build.0 = Debug|Any CPU
		{276F9EE5-F572-4EE0-9966-707ABC299758}.Release|Any CPU.ActiveCfg = Release|Any CPU
		{276F9EE5-F572-4EE0-9966-707ABC299758}.Release|Any CPU.Build.0 = Release|Any CPU
		{F2029841-3573-4E8B-BD42-A2B653E50D2A}.Debug|Any CPU.ActiveCfg = Debug|Any CPU
		{F2029841-3573-4E8B-BD42-A2B653E50D2A}.Debug|Any CPU.Build.0 = Debug|Any CPU
		{F2029841-3573-4E8B-BD42-A2B653E50D2A}.Release|Any CPU.ActiveCfg = Release|Any CPU
		{F2029841-3573-4E8B-BD42-A2B653E50D2A}.Release|Any CPU.Build.0 = Release|Any CPU
		{35EAB807-7655-47D7-AD1C-AB7EB7260C88}.Debug|Any CPU.ActiveCfg = Debug|Any CPU
		{35EAB807-7655-47D7-AD1C-AB7EB7260C88}.Debug|Any CPU.Build.0 = Debug|Any CPU
		{35EAB807-7655-47D7-AD1C-AB7EB7260C88}.Release|Any CPU.ActiveCfg = Release|Any CPU
		{35EAB807-7655-47D7-AD1C-AB7EB7260C88}.Release|Any CPU.Build.0 = Release|Any CPU
		{3FCAB6E8-C264-4735-AD4C-A188FA460A1B}.Debug|Any CPU.ActiveCfg = Debug|Any CPU
		{3FCAB6E8-C264-4735-AD4C-A188FA460A1B}.Debug|Any CPU.Build.0 = Debug|Any CPU
		{3FCAB6E8-C264-4735-AD4C-A188FA460A1B}.Release|Any CPU.ActiveCfg = Release|Any CPU
		{3FCAB6E8-C264-4735-AD4C-A188FA460A1B}.Release|Any CPU.Build.0 = Release|Any CPU
	EndGlobalSection
	GlobalSection(SolutionProperties) = preSolution
		HideSolutionNode = FALSE
	EndGlobalSection
	GlobalSection(ExtensibilityGlobals) = postSolution
		SolutionGuid = {CA83BF74-53D9-433E-878F-9F5373A9ED71}
	EndGlobalSection
EndGlobal
